
Microsoft Visual Studio Solution File, Format Version 12.00
# Visual Studio Version 16
VisualStudioVersion = 16.0.31410.357
MinimumVisualStudioVersion = 10.0.40219.1
Project("{9A19103F-16F7-4668-BE54-9A1E7A4F7556}") = "ChatApp.Client.WinForms", "ChatApp.Client.WinForms\ChatApp.Client.WinForms.csproj", "{C2033C7D-B657-4CFB-8C72-F2FF279A54A2}"
EndProject
Project("{9A19103F-16F7-4668-BE54-9A1E7A4F7556}") = "ChatApp.Client.WinForms.GUI", "ChatApp.Client.WinForms.GUI\ChatApp.Client.WinForms.GUI.csproj", "{2D4BFF4D-5275-477C-9F8A-AFD06F4B75B2}"
EndProject
Project("{FAE04EC0-301F-11D3-BF4B-00C04F79EFBC}") = "ChatApp.Client.WinForms.Connection", "ChatApp.Client.WinForms.Connection\ChatApp.Client.WinForms.Connection.csproj", "{BEF0264B-BC7C-404B-AAE1-B21BD401EB5B}"
EndProject
Global
	GlobalSection(SolutionConfigurationPlatforms) = preSolution
		Debug|Any CPU = Debug|Any CPU
		Release|Any CPU = Release|Any CPU
	EndGlobalSection
	GlobalSection(ProjectConfigurationPlatforms) = postSolution
		{C2033C7D-B657-4CFB-8C72-F2FF279A54A2}.Debug|Any CPU.ActiveCfg = Debug|Any CPU
		{C2033C7D-B657-4CFB-8C72-F2FF279A54A2}.Debug|Any CPU.Build.0 = Debug|Any CPU
		{C2033C7D-B657-4CFB-8C72-F2FF279A54A2}.Release|Any CPU.ActiveCfg = Release|Any CPU
		{C2033C7D-B657-4CFB-8C72-F2FF279A54A2}.Release|Any CPU.Build.0 = Release|Any CPU
		{2D4BFF4D-5275-477C-9F8A-AFD06F4B75B2}.Debug|Any CPU.ActiveCfg = Debug|Any CPU
		{2D4BFF4D-5275-477C-9F8A-AFD06F4B75B2}.Debug|Any CPU.Build.0 = Debug|Any CPU
		{2D4BFF4D-5275-477C-9F8A-AFD06F4B75B2}.Release|Any CPU.ActiveCfg = Release|Any CPU
		{2D4BFF4D-5275-477C-9F8A-AFD06F4B75B2}.Release|Any CPU.Build.0 = Release|Any CPU
		{BEF0264B-BC7C-404B-AAE1-B21BD401EB5B}.Debug|Any CPU.ActiveCfg = Debug|Any CPU
		{BEF0264B-BC7C-404B-AAE1-B21BD401EB5B}.Debug|Any CPU.Build.0 = Debug|Any CPU
		{BEF0264B-BC7C-404B-AAE1-B21BD401EB5B}.Release|Any CPU.ActiveCfg = Release|Any CPU
		{BEF0264B-BC7C-404B-AAE1-B21BD401EB5B}.Release|Any CPU.Build.0 = Release|Any CPU
	EndGlobalSection
	GlobalSection(SolutionProperties) = preSolution
		HideSolutionNode = FALSE
	EndGlobalSection
	GlobalSection(ExtensibilityGlobals) = postSolution
		SolutionGuid = {88EA96DE-335E-4340-BC15-C35E7FD90F15}
	EndGlobalSection
EndGlobal
